
Microsoft Visual Studio Solution File, Format Version 12.00
# Visual Studio 14
VisualStudioVersion = 14.0.25420.1
MinimumVisualStudioVersion = 10.0.40219.1
Project("{FAE04EC0-301F-11D3-BF4B-00C04F79EFBC}") = "Xamarin.JNG", "Xamarin.JNG\Xamarin.JNG\Xamarin.JNG.csproj", "{5C73B813-0F7B-4058-AFB2-CEEDBF9D3653}"
EndProject
Project("{FAE04EC0-301F-11D3-BF4B-00C04F79EFBC}") = "Xamarin.JNG.Droid", "Xamarin.JNG\Xamarin.JNG.Droid\Xamarin.JNG.Droid.csproj", "{1D77B042-7769-4F5A-A951-D9FB3F4C08D3}"
EndProject
Project("{FAE04EC0-301F-11D3-BF4B-00C04F79EFBC}") = "Xamarin.JNG.iOS", "Xamarin.JNG\Xamarin.JNG.iOS\Xamarin.JNG.iOS.csproj", "{9552F58C-0A39-46C8-840D-9A77C2CA32A3}"
EndProject
Project("{FAE04EC0-301F-11D3-BF4B-00C04F79EFBC}") = "Xamarin.JNG.WinPhone", "Xamarin.JNG\Xamarin.JNG.WinPhone\Xamarin.JNG.WinPhone.csproj", "{3DA6E947-6DC9-4D8F-ACA6-9AC631CEF3DE}"
EndProject
Project("{FAE04EC0-301F-11D3-BF4B-00C04F79EFBC}") = "Xamarin.JNG.UWP", "Xamarin.JNG\Xamarin.JNG.UWP\Xamarin.JNG.UWP.csproj", "{BEE96AFE-6CC9-4431-948E-E9EF49163947}"
EndProject
Project("{FAE04EC0-301F-11D3-BF4B-00C04F79EFBC}") = "Xamarin.JNG.Windows", "Xamarin.JNG\Xamarin.JNG.Windows\Xamarin.JNG.Windows.csproj", "{91327F16-3082-47DB-9B64-5C155C148330}"
EndProject
Global
	GlobalSection(SolutionConfigurationPlatforms) = preSolution
		Ad-Hoc|Any CPU = Ad-Hoc|Any CPU
		Ad-Hoc|ARM = Ad-Hoc|ARM
		Ad-Hoc|iPhone = Ad-Hoc|iPhone
		Ad-Hoc|iPhoneSimulator = Ad-Hoc|iPhoneSimulator
		Ad-Hoc|x64 = Ad-Hoc|x64
		Ad-Hoc|x86 = Ad-Hoc|x86
		AppStore|Any CPU = AppStore|Any CPU
		AppStore|ARM = AppStore|ARM
		AppStore|iPhone = AppStore|iPhone
		AppStore|iPhoneSimulator = AppStore|iPhoneSimulator
		AppStore|x64 = AppStore|x64
		AppStore|x86 = AppStore|x86
		Debug|Any CPU = Debug|Any CPU
		Debug|ARM = Debug|ARM
		Debug|iPhone = Debug|iPhone
		Debug|iPhoneSimulator = Debug|iPhoneSimulator
		Debug|x64 = Debug|x64
		Debug|x86 = Debug|x86
		Release|Any CPU = Release|Any CPU
		Release|ARM = Release|ARM
		Release|iPhone = Release|iPhone
		Release|iPhoneSimulator = Release|iPhoneSimulator
		Release|x64 = Release|x64
		Release|x86 = Release|x86
	EndGlobalSection
	GlobalSection(ProjectConfigurationPlatforms) = postSolution
		{5C73B813-0F7B-4058-AFB2-CEEDBF9D3653}.Ad-Hoc|Any CPU.ActiveCfg = Release|Any CPU
		{5C73B813-0F7B-4058-AFB2-CEEDBF9D3653}.Ad-Hoc|Any CPU.Build.0 = Release|Any CPU
		{5C73B813-0F7B-4058-AFB2-CEEDBF9D3653}.Ad-Hoc|ARM.ActiveCfg = Release|Any CPU
		{5C73B813-0F7B-4058-AFB2-CEEDBF9D3653}.Ad-Hoc|ARM.Build.0 = Release|Any CPU
		{5C73B813-0F7B-4058-AFB2-CEEDBF9D3653}.Ad-Hoc|iPhone.ActiveCfg = Release|Any CPU
		{5C73B813-0F7B-4058-AFB2-CEEDBF9D3653}.Ad-Hoc|iPhone.Build.0 = Release|Any CPU
		{5C73B813-0F7B-4058-AFB2-CEEDBF9D3653}.Ad-Hoc|iPhoneSimulator.ActiveCfg = Release|Any CPU
		{5C73B813-0F7B-4058-AFB2-CEEDBF9D3653}.Ad-Hoc|iPhoneSimulator.Build.0 = Release|Any CPU
		{5C73B813-0F7B-4058-AFB2-CEEDBF9D3653}.Ad-Hoc|x64.ActiveCfg = Release|Any CPU
		{5C73B813-0F7B-4058-AFB2-CEEDBF9D3653}.Ad-Hoc|x64.Build.0 = Release|Any CPU
		{5C73B813-0F7B-4058-AFB2-CEEDBF9D3653}.Ad-Hoc|x86.ActiveCfg = Release|Any CPU
		{5C73B813-0F7B-4058-AFB2-CEEDBF9D3653}.Ad-Hoc|x86.Build.0 = Release|Any CPU
		{5C73B813-0F7B-4058-AFB2-CEEDBF9D3653}.AppStore|Any CPU.ActiveCfg = Release|Any CPU
		{5C73B813-0F7B-4058-AFB2-CEEDBF9D3653}.AppStore|Any CPU.Build.0 = Release|Any CPU
		{5C73B813-0F7B-4058-AFB2-CEEDBF9D3653}.AppStore|ARM.ActiveCfg = Release|Any CPU
		{5C73B813-0F7B-4058-AFB2-CEEDBF9D3653}.AppStore|ARM.Build.0 = Release|Any CPU
		{5C73B813-0F7B-4058-AFB2-CEEDBF9D3653}.AppStore|iPhone.ActiveCfg = Release|Any CPU
		{5C73B813-0F7B-4058-AFB2-CEEDBF9D3653}.AppStore|iPhone.Build.0 = Release|Any CPU
		{5C73B813-0F7B-4058-AFB2-CEEDBF9D3653}.AppStore|iPhoneSimulator.ActiveCfg = Release|Any CPU
		{5C73B813-0F7B-4058-AFB2-CEEDBF9D3653}.AppStore|iPhoneSimulator.Build.0 = Release|Any CPU
		{5C73B813-0F7B-4058-AFB2-CEEDBF9D3653}.AppStore|x64.ActiveCfg = Release|Any CPU
		{5C73B813-0F7B-4058-AFB2-CEEDBF9D3653}.AppStore|x64.Build.0 = Release|Any CPU
		{5C73B813-0F7B-4058-AFB2-CEEDBF9D3653}.AppStore|x86.ActiveCfg = Release|Any CPU
		{5C73B813-0F7B-4058-AFB2-CEEDBF9D3653}.AppStore|x86.Build.0 = Release|Any CPU
		{5C73B813-0F7B-4058-AFB2-CEEDBF9D3653}.Debug|Any CPU.ActiveCfg = Debug|Any CPU
		{5C73B813-0F7B-4058-AFB2-CEEDBF9D3653}.Debug|Any CPU.Build.0 = Debug|Any CPU
		{5C73B813-0F7B-4058-AFB2-CEEDBF9D3653}.Debug|ARM.ActiveCfg = Debug|Any CPU
		{5C73B813-0F7B-4058-AFB2-CEEDBF9D3653}.Debug|ARM.Build.0 = Debug|Any CPU
		{5C73B813-0F7B-4058-AFB2-CEEDBF9D3653}.Debug|iPhone.ActiveCfg = Debug|Any CPU
		{5C73B813-0F7B-4058-AFB2-CEEDBF9D3653}.Debug|iPhone.Build.0 = Debug|Any CPU
		{5C73B813-0F7B-4058-AFB2-CEEDBF9D3653}.Debug|iPhoneSimulator.ActiveCfg = Debug|Any CPU
		{5C73B813-0F7B-4058-AFB2-CEEDBF9D3653}.Debug|iPhoneSimulator.Build.0 = Debug|Any CPU
		{5C73B813-0F7B-4058-AFB2-CEEDBF9D3653}.Debug|x64.ActiveCfg = Debug|Any CPU
		{5C73B813-0F7B-4058-AFB2-CEEDBF9D3653}.Debug|x64.Build.0 = Debug|Any CPU
		{5C73B813-0F7B-4058-AFB2-CEEDBF9D3653}.Debug|x86.ActiveCfg = Debug|Any CPU
		{5C73B813-0F7B-4058-AFB2-CEEDBF9D3653}.Debug|x86.Build.0 = Debug|Any CPU
		{5C73B813-0F7B-4058-AFB2-CEEDBF9D3653}.Release|Any CPU.ActiveCfg = Release|Any CPU
		{5C73B813-0F7B-4058-AFB2-CEEDBF9D3653}.Release|Any CPU.Build.0 = Release|Any CPU
		{5C73B813-0F7B-4058-AFB2-CEEDBF9D3653}.Release|ARM.ActiveCfg = Release|Any CPU
		{5C73B813-0F7B-4058-AFB2-CEEDBF9D3653}.Release|ARM.Build.0 = Release|Any CPU
		{5C73B813-0F7B-4058-AFB2-CEEDBF9D3653}.Release|iPhone.ActiveCfg = Release|Any CPU
		{5C73B813-0F7B-4058-AFB2-CEEDBF9D3653}.Release|iPhone.Build.0 = Release|Any CPU
		{5C73B813-0F7B-4058-AFB2-CEEDBF9D3653}.Release|iPhoneSimulator.ActiveCfg = Release|Any CPU
		{5C73B813-0F7B-4058-AFB2-CEEDBF9D3653}.Release|iPhoneSimulator.Build.0 = Release|Any CPU
		{5C73B813-0F7B-4058-AFB2-CEEDBF9D3653}.Release|x64.ActiveCfg = Release|Any CPU
		{5C73B813-0F7B-4058-AFB2-CEEDBF9D3653}.Release|x64.Build.0 = Release|Any CPU
		{5C73B813-0F7B-4058-AFB2-CEEDBF9D3653}.Release|x86.ActiveCfg = Release|Any CPU
		{5C73B813-0F7B-4058-AFB2-CEEDBF9D3653}.Release|x86.Build.0 = Release|Any CPU
		{1D77B042-7769-4F5A-A951-D9FB3F4C08D3}.Ad-Hoc|Any CPU.ActiveCfg = Release|Any CPU
		{1D77B042-7769-4F5A-A951-D9FB3F4C08D3}.Ad-Hoc|Any CPU.Build.0 = Release|Any CPU
		{1D77B042-7769-4F5A-A951-D9FB3F4C08D3}.Ad-Hoc|Any CPU.Deploy.0 = Release|Any CPU
		{1D77B042-7769-4F5A-A951-D9FB3F4C08D3}.Ad-Hoc|ARM.ActiveCfg = Release|Any CPU
		{1D77B042-7769-4F5A-A951-D9FB3F4C08D3}.Ad-Hoc|ARM.Build.0 = Release|Any CPU
		{1D77B042-7769-4F5A-A951-D9FB3F4C08D3}.Ad-Hoc|ARM.Deploy.0 = Release|Any CPU
		{1D77B042-7769-4F5A-A951-D9FB3F4C08D3}.Ad-Hoc|iPhone.ActiveCfg = Release|Any CPU
		{1D77B042-7769-4F5A-A951-D9FB3F4C08D3}.Ad-Hoc|iPhone.Build.0 = Release|Any CPU
		{1D77B042-7769-4F5A-A951-D9FB3F4C08D3}.Ad-Hoc|iPhone.Deploy.0 = Release|Any CPU
		{1D77B042-7769-4F5A-A951-D9FB3F4C08D3}.Ad-Hoc|iPhoneSimulator.ActiveCfg = Release|Any CPU
		{1D77B042-7769-4F5A-A951-D9FB3F4C08D3}.Ad-Hoc|iPhoneSimulator.Build.0 = Release|Any CPU
		{1D77B042-7769-4F5A-A951-D9FB3F4C08D3}.Ad-Hoc|iPhoneSimulator.Deploy.0 = Release|Any CPU
		{1D77B042-7769-4F5A-A951-D9FB3F4C08D3}.Ad-Hoc|x64.ActiveCfg = Release|Any CPU
		{1D77B042-7769-4F5A-A951-D9FB3F4C08D3}.Ad-Hoc|x64.Build.0 = Release|Any CPU
		{1D77B042-7769-4F5A-A951-D9FB3F4C08D3}.Ad-Hoc|x64.Deploy.0 = Release|Any CPU
		{1D77B042-7769-4F5A-A951-D9FB3F4C08D3}.Ad-Hoc|x86.ActiveCfg = Release|Any CPU
		{1D77B042-7769-4F5A-A951-D9FB3F4C08D3}.Ad-Hoc|x86.Build.0 = Release|Any CPU
		{1D77B042-7769-4F5A-A951-D9FB3F4C08D3}.Ad-Hoc|x86.Deploy.0 = Release|Any CPU
		{1D77B042-7769-4F5A-A951-D9FB3F4C08D3}.AppStore|Any CPU.ActiveCfg = Release|Any CPU
		{1D77B042-7769-4F5A-A951-D9FB3F4C08D3}.AppStore|Any CPU.Build.0 = Release|Any CPU
		{1D77B042-7769-4F5A-A951-D9FB3F4C08D3}.AppStore|Any CPU.Deploy.0 = Release|Any CPU
		{1D77B042-7769-4F5A-A951-D9FB3F4C08D3}.AppStore|ARM.ActiveCfg = Release|Any CPU
		{1D77B042-7769-4F5A-A951-D9FB3F4C08D3}.AppStore|ARM.Build.0 = Release|Any CPU
		{1D77B042-7769-4F5A-A951-D9FB3F4C08D3}.AppStore|ARM.Deploy.0 = Release|Any CPU
		{1D77B042-7769-4F5A-A951-D9FB3F4C08D3}.AppStore|iPhone.ActiveCfg = Release|Any CPU
		{1D77B042-7769-4F5A-A951-D9FB3F4C08D3}.AppStore|iPhone.Build.0 = Release|Any CPU
		{1D77B042-7769-4F5A-A951-D9FB3F4C08D3}.AppStore|iPhone.Deploy.0 = Release|Any CPU
		{1D77B042-7769-4F5A-A951-D9FB3F4C08D3}.AppStore|iPhoneSimulator.ActiveCfg = Release|Any CPU
		{1D77B042-7769-4F5A-A951-D9FB3F4C08D3}.AppStore|iPhoneSimulator.Build.0 = Release|Any CPU
		{1D77B042-7769-4F5A-A951-D9FB3F4C08D3}.AppStore|iPhoneSimulator.Deploy.0 = Release|Any CPU
		{1D77B042-7769-4F5A-A951-D9FB3F4C08D3}.AppStore|x64.ActiveCfg = Release|Any CPU
		{1D77B042-7769-4F5A-A951-D9FB3F4C08D3}.AppStore|x64.Build.0 = Release|Any CPU
		{1D77B042-7769-4F5A-A951-D9FB3F4C08D3}.AppStore|x64.Deploy.0 = Release|Any CPU
		{1D77B042-7769-4F5A-A951-D9FB3F4C08D3}.AppStore|x86.ActiveCfg = Release|Any CPU
		{1D77B042-7769-4F5A-A951-D9FB3F4C08D3}.AppStore|x86.Build.0 = Release|Any CPU
		{1D77B042-7769-4F5A-A951-D9FB3F4C08D3}.AppStore|x86.Deploy.0 = Release|Any CPU
		{1D77B042-7769-4F5A-A951-D9FB3F4C08D3}.Debug|Any CPU.ActiveCfg = Debug|Any CPU
		{1D77B042-7769-4F5A-A951-D9FB3F4C08D3}.Debug|Any CPU.Build.0 = Debug|Any CPU
		{1D77B042-7769-4F5A-A951-D9FB3F4C08D3}.Debug|Any CPU.Deploy.0 = Debug|Any CPU
		{1D77B042-7769-4F5A-A951-D9FB3F4C08D3}.Debug|ARM.ActiveCfg = Debug|Any CPU
		{1D77B042-7769-4F5A-A951-D9FB3F4C08D3}.Debug|ARM.Build.0 = Debug|Any CPU
		{1D77B042-7769-4F5A-A951-D9FB3F4C08D3}.Debug|ARM.Deploy.0 = Debug|Any CPU
		{1D77B042-7769-4F5A-A951-D9FB3F4C08D3}.Debug|iPhone.ActiveCfg = Debug|Any CPU
		{1D77B042-7769-4F5A-A951-D9FB3F4C08D3}.Debug|iPhone.Build.0 = Debug|Any CPU
		{1D77B042-7769-4F5A-A951-D9FB3F4C08D3}.Debug|iPhone.Deploy.0 = Debug|Any CPU
		{1D77B042-7769-4F5A-A951-D9FB3F4C08D3}.Debug|iPhoneSimulator.ActiveCfg = Debug|Any CPU
		{1D77B042-7769-4F5A-A951-D9FB3F4C08D3}.Debug|iPhoneSimulator.Build.0 = Debug|Any CPU
		{1D77B042-7769-4F5A-A951-D9FB3F4C08D3}.Debug|iPhoneSimulator.Deploy.0 = Debug|Any CPU
		{1D77B042-7769-4F5A-A951-D9FB3F4C08D3}.Debug|x64.ActiveCfg = Debug|Any CPU
		{1D77B042-7769-4F5A-A951-D9FB3F4C08D3}.Debug|x64.Build.0 = Debug|Any CPU
		{1D77B042-7769-4F5A-A951-D9FB3F4C08D3}.Debug|x64.Deploy.0 = Debug|Any CPU
		{1D77B042-7769-4F5A-A951-D9FB3F4C08D3}.Debug|x86.ActiveCfg = Debug|Any CPU
		{1D77B042-7769-4F5A-A951-D9FB3F4C08D3}.Debug|x86.Build.0 = Debug|Any CPU
		{1D77B042-7769-4F5A-A951-D9FB3F4C08D3}.Debug|x86.Deploy.0 = Debug|Any CPU
		{1D77B042-7769-4F5A-A951-D9FB3F4C08D3}.Release|Any CPU.ActiveCfg = Release|Any CPU
		{1D77B042-7769-4F5A-A951-D9FB3F4C08D3}.Release|Any CPU.Build.0 = Release|Any CPU
		{1D77B042-7769-4F5A-A951-D9FB3F4C08D3}.Release|Any CPU.Deploy.0 = Release|Any CPU
		{1D77B042-7769-4F5A-A951-D9FB3F4C08D3}.Release|ARM.ActiveCfg = Release|Any CPU
		{1D77B042-7769-4F5A-A951-D9FB3F4C08D3}.Release|ARM.Build.0 = Release|Any CPU
		{1D77B042-7769-4F5A-A951-D9FB3F4C08D3}.Release|ARM.Deploy.0 = Release|Any CPU
		{1D77B042-7769-4F5A-A951-D9FB3F4C08D3}.Release|iPhone.ActiveCfg = Release|Any CPU
		{1D77B042-7769-4F5A-A951-D9FB3F4C08D3}.Release|iPhone.Build.0 = Release|Any CPU
		{1D77B042-7769-4F5A-A951-D9FB3F4C08D3}.Release|iPhone.Deploy.0 = Release|Any CPU
		{1D77B042-7769-4F5A-A951-D9FB3F4C08D3}.Release|iPhoneSimulator.ActiveCfg = Release|Any CPU
		{1D77B042-7769-4F5A-A951-D9FB3F4C08D3}.Release|iPhoneSimulator.Build.0 = Release|Any CPU
		{1D77B042-7769-4F5A-A951-D9FB3F4C08D3}.Release|iPhoneSimulator.Deploy.0 = Release|Any CPU
		{1D77B042-7769-4F5A-A951-D9FB3F4C08D3}.Release|x64.ActiveCfg = Release|Any CPU
		{1D77B042-7769-4F5A-A951-D9FB3F4C08D3}.Release|x64.Build.0 = Release|Any CPU
		{1D77B042-7769-4F5A-A951-D9FB3F4C08D3}.Release|x64.Deploy.0 = Release|Any CPU
		{1D77B042-7769-4F5A-A951-D9FB3F4C08D3}.Release|x86.ActiveCfg = Release|Any CPU
		{1D77B042-7769-4F5A-A951-D9FB3F4C08D3}.Release|x86.Build.0 = Release|Any CPU
		{1D77B042-7769-4F5A-A951-D9FB3F4C08D3}.Release|x86.Deploy.0 = Release|Any CPU
		{9552F58C-0A39-46C8-840D-9A77C2CA32A3}.Ad-Hoc|Any CPU.ActiveCfg = Ad-Hoc|iPhone
		{9552F58C-0A39-46C8-840D-9A77C2CA32A3}.Ad-Hoc|ARM.ActiveCfg = Ad-Hoc|iPhone
		{9552F58C-0A39-46C8-840D-9A77C2CA32A3}.Ad-Hoc|iPhone.ActiveCfg = Ad-Hoc|iPhone
		{9552F58C-0A39-46C8-840D-9A77C2CA32A3}.Ad-Hoc|iPhone.Build.0 = Ad-Hoc|iPhone
		{9552F58C-0A39-46C8-840D-9A77C2CA32A3}.Ad-Hoc|iPhoneSimulator.ActiveCfg = Ad-Hoc|iPhoneSimulator
		{9552F58C-0A39-46C8-840D-9A77C2CA32A3}.Ad-Hoc|iPhoneSimulator.Build.0 = Ad-Hoc|iPhoneSimulator
		{9552F58C-0A39-46C8-840D-9A77C2CA32A3}.Ad-Hoc|x64.ActiveCfg = Ad-Hoc|iPhone
		{9552F58C-0A39-46C8-840D-9A77C2CA32A3}.Ad-Hoc|x86.ActiveCfg = Ad-Hoc|iPhone
		{9552F58C-0A39-46C8-840D-9A77C2CA32A3}.AppStore|Any CPU.ActiveCfg = AppStore|iPhone
		{9552F58C-0A39-46C8-840D-9A77C2CA32A3}.AppStore|ARM.ActiveCfg = AppStore|iPhone
		{9552F58C-0A39-46C8-840D-9A77C2CA32A3}.AppStore|iPhone.ActiveCfg = AppStore|iPhone
		{9552F58C-0A39-46C8-840D-9A77C2CA32A3}.AppStore|iPhone.Build.0 = AppStore|iPhone
		{9552F58C-0A39-46C8-840D-9A77C2CA32A3}.AppStore|iPhoneSimulator.ActiveCfg = AppStore|iPhoneSimulator
		{9552F58C-0A39-46C8-840D-9A77C2CA32A3}.AppStore|iPhoneSimulator.Build.0 = AppStore|iPhoneSimulator
		{9552F58C-0A39-46C8-840D-9A77C2CA32A3}.AppStore|x64.ActiveCfg = AppStore|iPhone
		{9552F58C-0A39-46C8-840D-9A77C2CA32A3}.AppStore|x86.ActiveCfg = AppStore|iPhone
		{9552F58C-0A39-46C8-840D-9A77C2CA32A3}.Debug|Any CPU.ActiveCfg = Debug|iPhone
		{9552F58C-0A39-46C8-840D-9A77C2CA32A3}.Debug|ARM.ActiveCfg = Debug|iPhone
		{9552F58C-0A39-46C8-840D-9A77C2CA32A3}.Debug|iPhone.ActiveCfg = Debug|iPhone
		{9552F58C-0A39-46C8-840D-9A77C2CA32A3}.Debug|iPhone.Build.0 = Debug|iPhone
		{9552F58C-0A39-46C8-840D-9A77C2CA32A3}.Debug|iPhoneSimulator.ActiveCfg = Debug|iPhoneSimulator
		{9552F58C-0A39-46C8-840D-9A77C2CA32A3}.Debug|iPhoneSimulator.Build.0 = Debug|iPhoneSimulator
		{9552F58C-0A39-46C8-840D-9A77C2CA32A3}.Debug|x64.ActiveCfg = Debug|iPhone
		{9552F58C-0A39-46C8-840D-9A77C2CA32A3}.Debug|x86.ActiveCfg = Debug|iPhone
		{9552F58C-0A39-46C8-840D-9A77C2CA32A3}.Release|Any CPU.ActiveCfg = Release|iPhone
		{9552F58C-0A39-46C8-840D-9A77C2CA32A3}.Release|ARM.ActiveCfg = Release|iPhone
		{9552F58C-0A39-46C8-840D-9A77C2CA32A3}.Release|iPhone.ActiveCfg = Release|iPhone
		{9552F58C-0A39-46C8-840D-9A77C2CA32A3}.Release|iPhone.Build.0 = Release|iPhone
		{9552F58C-0A39-46C8-840D-9A77C2CA32A3}.Release|iPhoneSimulator.ActiveCfg = Release|iPhoneSimulator
		{9552F58C-0A39-46C8-840D-9A77C2CA32A3}.Release|iPhoneSimulator.Build.0 = Release|iPhoneSimulator
		{9552F58C-0A39-46C8-840D-9A77C2CA32A3}.Release|x64.ActiveCfg = Release|iPhone
		{9552F58C-0A39-46C8-840D-9A77C2CA32A3}.Release|x86.ActiveCfg = Release|iPhone
		{3DA6E947-6DC9-4D8F-ACA6-9AC631CEF3DE}.Ad-Hoc|Any CPU.ActiveCfg = Release|Any CPU
		{3DA6E947-6DC9-4D8F-ACA6-9AC631CEF3DE}.Ad-Hoc|Any CPU.Build.0 = Release|Any CPU
		{3DA6E947-6DC9-4D8F-ACA6-9AC631CEF3DE}.Ad-Hoc|Any CPU.Deploy.0 = Release|Any CPU
		{3DA6E947-6DC9-4D8F-ACA6-9AC631CEF3DE}.Ad-Hoc|ARM.ActiveCfg = Release|ARM
		{3DA6E947-6DC9-4D8F-ACA6-9AC631CEF3DE}.Ad-Hoc|ARM.Build.0 = Release|ARM
		{3DA6E947-6DC9-4D8F-ACA6-9AC631CEF3DE}.Ad-Hoc|ARM.Deploy.0 = Release|ARM
		{3DA6E947-6DC9-4D8F-ACA6-9AC631CEF3DE}.Ad-Hoc|iPhone.ActiveCfg = Release|Any CPU
		{3DA6E947-6DC9-4D8F-ACA6-9AC631CEF3DE}.Ad-Hoc|iPhone.Build.0 = Release|Any CPU
		{3DA6E947-6DC9-4D8F-ACA6-9AC631CEF3DE}.Ad-Hoc|iPhone.Deploy.0 = Release|Any CPU
		{3DA6E947-6DC9-4D8F-ACA6-9AC631CEF3DE}.Ad-Hoc|iPhoneSimulator.ActiveCfg = Release|Any CPU
		{3DA6E947-6DC9-4D8F-ACA6-9AC631CEF3DE}.Ad-Hoc|iPhoneSimulator.Build.0 = Release|Any CPU
		{3DA6E947-6DC9-4D8F-ACA6-9AC631CEF3DE}.Ad-Hoc|iPhoneSimulator.Deploy.0 = Release|Any CPU
		{3DA6E947-6DC9-4D8F-ACA6-9AC631CEF3DE}.Ad-Hoc|x64.ActiveCfg = Release|Any CPU
		{3DA6E947-6DC9-4D8F-ACA6-9AC631CEF3DE}.Ad-Hoc|x64.Build.0 = Release|Any CPU
		{3DA6E947-6DC9-4D8F-ACA6-9AC631CEF3DE}.Ad-Hoc|x64.Deploy.0 = Release|Any CPU
		{3DA6E947-6DC9-4D8F-ACA6-9AC631CEF3DE}.Ad-Hoc|x86.ActiveCfg = Release|x86
		{3DA6E947-6DC9-4D8F-ACA6-9AC631CEF3DE}.Ad-Hoc|x86.Build.0 = Release|x86
		{3DA6E947-6DC9-4D8F-ACA6-9AC631CEF3DE}.Ad-Hoc|x86.Deploy.0 = Release|x86
		{3DA6E947-6DC9-4D8F-ACA6-9AC631CEF3DE}.AppStore|Any CPU.ActiveCfg = Release|Any CPU
		{3DA6E947-6DC9-4D8F-ACA6-9AC631CEF3DE}.AppStore|Any CPU.Build.0 = Release|Any CPU
		{3DA6E947-6DC9-4D8F-ACA6-9AC631CEF3DE}.AppStore|Any CPU.Deploy.0 = Release|Any CPU
		{3DA6E947-6DC9-4D8F-ACA6-9AC631CEF3DE}.AppStore|ARM.ActiveCfg = Release|ARM
		{3DA6E947-6DC9-4D8F-ACA6-9AC631CEF3DE}.AppStore|ARM.Build.0 = Release|ARM
		{3DA6E947-6DC9-4D8F-ACA6-9AC631CEF3DE}.AppStore|ARM.Deploy.0 = Release|ARM
		{3DA6E947-6DC9-4D8F-ACA6-9AC631CEF3DE}.AppStore|iPhone.ActiveCfg = Release|Any CPU
		{3DA6E947-6DC9-4D8F-ACA6-9AC631CEF3DE}.AppStore|iPhone.Build.0 = Release|Any CPU
		{3DA6E947-6DC9-4D8F-ACA6-9AC631CEF3DE}.AppStore|iPhone.Deploy.0 = Release|Any CPU
		{3DA6E947-6DC9-4D8F-ACA6-9AC631CEF3DE}.AppStore|iPhoneSimulator.ActiveCfg = Release|Any CPU
		{3DA6E947-6DC9-4D8F-ACA6-9AC631CEF3DE}.AppStore|iPhoneSimulator.Build.0 = Release|Any CPU
		{3DA6E947-6DC9-4D8F-ACA6-9AC631CEF3DE}.AppStore|iPhoneSimulator.Deploy.0 = Release|Any CPU
		{3DA6E947-6DC9-4D8F-ACA6-9AC631CEF3DE}.AppStore|x64.ActiveCfg = Release|Any CPU
		{3DA6E947-6DC9-4D8F-ACA6-9AC631CEF3DE}.AppStore|x64.Build.0 = Release|Any CPU
		{3DA6E947-6DC9-4D8F-ACA6-9AC631CEF3DE}.AppStore|x64.Deploy.0 = Release|Any CPU
		{3DA6E947-6DC9-4D8F-ACA6-9AC631CEF3DE}.AppStore|x86.ActiveCfg = Release|x86
		{3DA6E947-6DC9-4D8F-ACA6-9AC631CEF3DE}.AppStore|x86.Build.0 = Release|x86
		{3DA6E947-6DC9-4D8F-ACA6-9AC631CEF3DE}.AppStore|x86.Deploy.0 = Release|x86
		{3DA6E947-6DC9-4D8F-ACA6-9AC631CEF3DE}.Debug|Any CPU.ActiveCfg = Debug|Any CPU
		{3DA6E947-6DC9-4D8F-ACA6-9AC631CEF3DE}.Debug|Any CPU.Build.0 = Debug|Any CPU
		{3DA6E947-6DC9-4D8F-ACA6-9AC631CEF3DE}.Debug|Any CPU.Deploy.0 = Debug|Any CPU
		{3DA6E947-6DC9-4D8F-ACA6-9AC631CEF3DE}.Debug|ARM.ActiveCfg = Debug|ARM
		{3DA6E947-6DC9-4D8F-ACA6-9AC631CEF3DE}.Debug|ARM.Build.0 = Debug|ARM
		{3DA6E947-6DC9-4D8F-ACA6-9AC631CEF3DE}.Debug|ARM.Deploy.0 = Debug|ARM
		{3DA6E947-6DC9-4D8F-ACA6-9AC631CEF3DE}.Debug|iPhone.ActiveCfg = Debug|Any CPU
		{3DA6E947-6DC9-4D8F-ACA6-9AC631CEF3DE}.Debug|iPhone.Build.0 = Debug|Any CPU
		{3DA6E947-6DC9-4D8F-ACA6-9AC631CEF3DE}.Debug|iPhone.Deploy.0 = Debug|Any CPU
		{3DA6E947-6DC9-4D8F-ACA6-9AC631CEF3DE}.Debug|iPhoneSimulator.ActiveCfg = Debug|Any CPU
		{3DA6E947-6DC9-4D8F-ACA6-9AC631CEF3DE}.Debug|iPhoneSimulator.Build.0 = Debug|Any CPU
		{3DA6E947-6DC9-4D8F-ACA6-9AC631CEF3DE}.Debug|iPhoneSimulator.Deploy.0 = Debug|Any CPU
		{3DA6E947-6DC9-4D8F-ACA6-9AC631CEF3DE}.Debug|x64.ActiveCfg = Debug|Any CPU
		{3DA6E947-6DC9-4D8F-ACA6-9AC631CEF3DE}.Debug|x64.Build.0 = Debug|Any CPU
		{3DA6E947-6DC9-4D8F-ACA6-9AC631CEF3DE}.Debug|x64.Deploy.0 = Debug|Any CPU
		{3DA6E947-6DC9-4D8F-ACA6-9AC631CEF3DE}.Debug|x86.ActiveCfg = Debug|x86
		{3DA6E947-6DC9-4D8F-ACA6-9AC631CEF3DE}.Debug|x86.Build.0 = Debug|x86
		{3DA6E947-6DC9-4D8F-ACA6-9AC631CEF3DE}.Debug|x86.Deploy.0 = Debug|x86
		{3DA6E947-6DC9-4D8F-ACA6-9AC631CEF3DE}.Release|Any CPU.ActiveCfg = Release|Any CPU
		{3DA6E947-6DC9-4D8F-ACA6-9AC631CEF3DE}.Release|Any CPU.Build.0 = Release|Any CPU
		{3DA6E947-6DC9-4D8F-ACA6-9AC631CEF3DE}.Release|Any CPU.Deploy.0 = Release|Any CPU
		{3DA6E947-6DC9-4D8F-ACA6-9AC631CEF3DE}.Release|ARM.ActiveCfg = Release|ARM
		{3DA6E947-6DC9-4D8F-ACA6-9AC631CEF3DE}.Release|ARM.Build.0 = Release|ARM
		{3DA6E947-6DC9-4D8F-ACA6-9AC631CEF3DE}.Release|ARM.Deploy.0 = Release|ARM
		{3DA6E947-6DC9-4D8F-ACA6-9AC631CEF3DE}.Release|iPhone.ActiveCfg = Release|Any CPU
		{3DA6E947-6DC9-4D8F-ACA6-9AC631CEF3DE}.Release|iPhone.Build.0 = Release|Any CPU
		{3DA6E947-6DC9-4D8F-ACA6-9AC631CEF3DE}.Release|iPhone.Deploy.0 = Release|Any CPU
		{3DA6E947-6DC9-4D8F-ACA6-9AC631CEF3DE}.Release|iPhoneSimulator.ActiveCfg = Release|Any CPU
		{3DA6E947-6DC9-4D8F-ACA6-9AC631CEF3DE}.Release|iPhoneSimulator.Build.0 = Release|Any CPU
		{3DA6E947-6DC9-4D8F-ACA6-9AC631CEF3DE}.Release|iPhoneSimulator.Deploy.0 = Release|Any CPU
		{3DA6E947-6DC9-4D8F-ACA6-9AC631CEF3DE}.Release|x64.ActiveCfg = Release|Any CPU
		{3DA6E947-6DC9-4D8F-ACA6-9AC631CEF3DE}.Release|x64.Build.0 = Release|Any CPU
		{3DA6E947-6DC9-4D8F-ACA6-9AC631CEF3DE}.Release|x64.Deploy.0 = Release|Any CPU
		{3DA6E947-6DC9-4D8F-ACA6-9AC631CEF3DE}.Release|x86.ActiveCfg = Release|x86
		{3DA6E947-6DC9-4D8F-ACA6-9AC631CEF3DE}.Release|x86.Build.0 = Release|x86
		{3DA6E947-6DC9-4D8F-ACA6-9AC631CEF3DE}.Release|x86.Deploy.0 = Release|x86
		{BEE96AFE-6CC9-4431-948E-E9EF49163947}.Ad-Hoc|Any CPU.ActiveCfg = Release|x86
		{BEE96AFE-6CC9-4431-948E-E9EF49163947}.Ad-Hoc|Any CPU.Build.0 = Release|x86
		{BEE96AFE-6CC9-4431-948E-E9EF49163947}.Ad-Hoc|Any CPU.Deploy.0 = Release|x86
		{BEE96AFE-6CC9-4431-948E-E9EF49163947}.Ad-Hoc|ARM.ActiveCfg = Release|ARM
		{BEE96AFE-6CC9-4431-948E-E9EF49163947}.Ad-Hoc|ARM.Build.0 = Release|ARM
		{BEE96AFE-6CC9-4431-948E-E9EF49163947}.Ad-Hoc|ARM.Deploy.0 = Release|ARM
		{BEE96AFE-6CC9-4431-948E-E9EF49163947}.Ad-Hoc|iPhone.ActiveCfg = Release|x86
		{BEE96AFE-6CC9-4431-948E-E9EF49163947}.Ad-Hoc|iPhone.Build.0 = Release|x86
		{BEE96AFE-6CC9-4431-948E-E9EF49163947}.Ad-Hoc|iPhone.Deploy.0 = Release|x86
		{BEE96AFE-6CC9-4431-948E-E9EF49163947}.Ad-Hoc|iPhoneSimulator.ActiveCfg = Release|x86
		{BEE96AFE-6CC9-4431-948E-E9EF49163947}.Ad-Hoc|iPhoneSimulator.Build.0 = Release|x86
		{BEE96AFE-6CC9-4431-948E-E9EF49163947}.Ad-Hoc|iPhoneSimulator.Deploy.0 = Release|x86
		{BEE96AFE-6CC9-4431-948E-E9EF49163947}.Ad-Hoc|x64.ActiveCfg = Release|x64
		{BEE96AFE-6CC9-4431-948E-E9EF49163947}.Ad-Hoc|x64.Build.0 = Release|x64
		{BEE96AFE-6CC9-4431-948E-E9EF49163947}.Ad-Hoc|x64.Deploy.0 = Release|x64
		{BEE96AFE-6CC9-4431-948E-E9EF49163947}.Ad-Hoc|x86.ActiveCfg = Release|x86
		{BEE96AFE-6CC9-4431-948E-E9EF49163947}.Ad-Hoc|x86.Build.0 = Release|x86
		{BEE96AFE-6CC9-4431-948E-E9EF49163947}.Ad-Hoc|x86.Deploy.0 = Release|x86
		{BEE96AFE-6CC9-4431-948E-E9EF49163947}.AppStore|Any CPU.ActiveCfg = Release|x86
		{BEE96AFE-6CC9-4431-948E-E9EF49163947}.AppStore|Any CPU.Build.0 = Release|x86
		{BEE96AFE-6CC9-4431-948E-E9EF49163947}.AppStore|Any CPU.Deploy.0 = Release|x86
		{BEE96AFE-6CC9-4431-948E-E9EF49163947}.AppStore|ARM.ActiveCfg = Release|ARM
		{BEE96AFE-6CC9-4431-948E-E9EF49163947}.AppStore|ARM.Build.0 = Release|ARM
		{BEE96AFE-6CC9-4431-948E-E9EF49163947}.AppStore|ARM.Deploy.0 = Release|ARM
		{BEE96AFE-6CC9-4431-948E-E9EF49163947}.AppStore|iPhone.ActiveCfg = Release|x86
		{BEE96AFE-6CC9-4431-948E-E9EF49163947}.AppStore|iPhone.Build.0 = Release|x86
		{BEE96AFE-6CC9-4431-948E-E9EF49163947}.AppStore|iPhone.Deploy.0 = Release|x86
		{BEE96AFE-6CC9-4431-948E-E9EF49163947}.AppStore|iPhoneSimulator.ActiveCfg = Release|x86
		{BEE96AFE-6CC9-4431-948E-E9EF49163947}.AppStore|iPhoneSimulator.Build.0 = Release|x86
		{BEE96AFE-6CC9-4431-948E-E9EF49163947}.AppStore|iPhoneSimulator.Deploy.0 = Release|x86
		{BEE96AFE-6CC9-4431-948E-E9EF49163947}.AppStore|x64.ActiveCfg = Release|x64
		{BEE96AFE-6CC9-4431-948E-E9EF49163947}.AppStore|x64.Build.0 = Release|x64
		{BEE96AFE-6CC9-4431-948E-E9EF49163947}.AppStore|x64.Deploy.0 = Release|x64
		{BEE96AFE-6CC9-4431-948E-E9EF49163947}.AppStore|x86.ActiveCfg = Release|x86
		{BEE96AFE-6CC9-4431-948E-E9EF49163947}.AppStore|x86.Build.0 = Release|x86
		{BEE96AFE-6CC9-4431-948E-E9EF49163947}.AppStore|x86.Deploy.0 = Release|x86
		{BEE96AFE-6CC9-4431-948E-E9EF49163947}.Debug|Any CPU.ActiveCfg = Debug|x64
		{BEE96AFE-6CC9-4431-948E-E9EF49163947}.Debug|Any CPU.Build.0 = Debug|x64
		{BEE96AFE-6CC9-4431-948E-E9EF49163947}.Debug|Any CPU.Deploy.0 = Debug|x64
		{BEE96AFE-6CC9-4431-948E-E9EF49163947}.Debug|ARM.ActiveCfg = Debug|ARM
		{BEE96AFE-6CC9-4431-948E-E9EF49163947}.Debug|ARM.Build.0 = Debug|ARM
		{BEE96AFE-6CC9-4431-948E-E9EF49163947}.Debug|ARM.Deploy.0 = Debug|ARM
		{BEE96AFE-6CC9-4431-948E-E9EF49163947}.Debug|iPhone.ActiveCfg = Debug|x64
		{BEE96AFE-6CC9-4431-948E-E9EF49163947}.Debug|iPhone.Build.0 = Debug|x64
		{BEE96AFE-6CC9-4431-948E-E9EF49163947}.Debug|iPhoneSimulator.ActiveCfg = Debug|x86
		{BEE96AFE-6CC9-4431-948E-E9EF49163947}.Debug|x64.ActiveCfg = Debug|x64
		{BEE96AFE-6CC9-4431-948E-E9EF49163947}.Debug|x64.Build.0 = Debug|x64
		{BEE96AFE-6CC9-4431-948E-E9EF49163947}.Debug|x64.Deploy.0 = Debug|x64
		{BEE96AFE-6CC9-4431-948E-E9EF49163947}.Debug|x86.ActiveCfg = Debug|x86
		{BEE96AFE-6CC9-4431-948E-E9EF49163947}.Debug|x86.Build.0 = Debug|x86
		{BEE96AFE-6CC9-4431-948E-E9EF49163947}.Debug|x86.Deploy.0 = Debug|x86
		{BEE96AFE-6CC9-4431-948E-E9EF49163947}.Release|Any CPU.ActiveCfg = Release|x86
		{BEE96AFE-6CC9-4431-948E-E9EF49163947}.Release|ARM.ActiveCfg = Release|ARM
		{BEE96AFE-6CC9-4431-948E-E9EF49163947}.Release|ARM.Build.0 = Release|ARM
		{BEE96AFE-6CC9-4431-948E-E9EF49163947}.Release|ARM.Deploy.0 = Release|ARM
		{BEE96AFE-6CC9-4431-948E-E9EF49163947}.Release|iPhone.ActiveCfg = Release|x86
		{BEE96AFE-6CC9-4431-948E-E9EF49163947}.Release|iPhoneSimulator.ActiveCfg = Release|x86
		{BEE96AFE-6CC9-4431-948E-E9EF49163947}.Release|x64.ActiveCfg = Release|x64
		{BEE96AFE-6CC9-4431-948E-E9EF49163947}.Release|x64.Build.0 = Release|x64
		{BEE96AFE-6CC9-4431-948E-E9EF49163947}.Release|x64.Deploy.0 = Release|x64
		{BEE96AFE-6CC9-4431-948E-E9EF49163947}.Release|x86.ActiveCfg = Release|x86
		{BEE96AFE-6CC9-4431-948E-E9EF49163947}.Release|x86.Build.0 = Release|x86
		{BEE96AFE-6CC9-4431-948E-E9EF49163947}.Release|x86.Deploy.0 = Release|x86
		{91327F16-3082-47DB-9B64-5C155C148330}.Ad-Hoc|Any CPU.ActiveCfg = Release|Any CPU
		{91327F16-3082-47DB-9B64-5C155C148330}.Ad-Hoc|Any CPU.Build.0 = Release|Any CPU
		{91327F16-3082-47DB-9B64-5C155C148330}.Ad-Hoc|Any CPU.Deploy.0 = Release|Any CPU
		{91327F16-3082-47DB-9B64-5C155C148330}.Ad-Hoc|ARM.ActiveCfg = Release|ARM
		{91327F16-3082-47DB-9B64-5C155C148330}.Ad-Hoc|ARM.Build.0 = Release|ARM
		{91327F16-3082-47DB-9B64-5C155C148330}.Ad-Hoc|ARM.Deploy.0 = Release|ARM
		{91327F16-3082-47DB-9B64-5C155C148330}.Ad-Hoc|iPhone.ActiveCfg = Release|Any CPU
		{91327F16-3082-47DB-9B64-5C155C148330}.Ad-Hoc|iPhone.Build.0 = Release|Any CPU
		{91327F16-3082-47DB-9B64-5C155C148330}.Ad-Hoc|iPhone.Deploy.0 = Release|Any CPU
		{91327F16-3082-47DB-9B64-5C155C148330}.Ad-Hoc|iPhoneSimulator.ActiveCfg = Release|Any CPU
		{91327F16-3082-47DB-9B64-5C155C148330}.Ad-Hoc|iPhoneSimulator.Build.0 = Release|Any CPU
		{91327F16-3082-47DB-9B64-5C155C148330}.Ad-Hoc|iPhoneSimulator.Deploy.0 = Release|Any CPU
		{91327F16-3082-47DB-9B64-5C155C148330}.Ad-Hoc|x64.ActiveCfg = Release|x64
		{91327F16-3082-47DB-9B64-5C155C148330}.Ad-Hoc|x64.Build.0 = Release|x64
		{91327F16-3082-47DB-9B64-5C155C148330}.Ad-Hoc|x64.Deploy.0 = Release|x64
		{91327F16-3082-47DB-9B64-5C155C148330}.Ad-Hoc|x86.ActiveCfg = Release|x86
		{91327F16-3082-47DB-9B64-5C155C148330}.Ad-Hoc|x86.Build.0 = Release|x86
		{91327F16-3082-47DB-9B64-5C155C148330}.Ad-Hoc|x86.Deploy.0 = Release|x86
		{91327F16-3082-47DB-9B64-5C155C148330}.AppStore|Any CPU.ActiveCfg = Release|Any CPU
		{91327F16-3082-47DB-9B64-5C155C148330}.AppStore|Any CPU.Build.0 = Release|Any CPU
		{91327F16-3082-47DB-9B64-5C155C148330}.AppStore|Any CPU.Deploy.0 = Release|Any CPU
		{91327F16-3082-47DB-9B64-5C155C148330}.AppStore|ARM.ActiveCfg = Release|ARM
		{91327F16-3082-47DB-9B64-5C155C148330}.AppStore|ARM.Build.0 = Release|ARM
		{91327F16-3082-47DB-9B64-5C155C148330}.AppStore|ARM.Deploy.0 = Release|ARM
		{91327F16-3082-47DB-9B64-5C155C148330}.AppStore|iPhone.ActiveCfg = Release|Any CPU
		{91327F16-3082-47DB-9B64-5C155C148330}.AppStore|iPhone.Build.0 = Release|Any CPU
		{91327F16-3082-47DB-9B64-5C155C148330}.AppStore|iPhone.Deploy.0 = Release|Any CPU
		{91327F16-3082-47DB-9B64-5C155C148330}.AppStore|iPhoneSimulator.ActiveCfg = Release|Any CPU
		{91327F16-3082-47DB-9B64-5C155C148330}.AppStore|iPhoneSimulator.Build.0 = Release|Any CPU
		{91327F16-3082-47DB-9B64-5C155C148330}.AppStore|iPhoneSimulator.Deploy.0 = Release|Any CPU
		{91327F16-3082-47DB-9B64-5C155C148330}.AppStore|x64.ActiveCfg = Release|x64
		{91327F16-3082-47DB-9B64-5C155C148330}.AppStore|x64.Build.0 = Release|x64
		{91327F16-3082-47DB-9B64-5C155C148330}.AppStore|x64.Deploy.0 = Release|x64
		{91327F16-3082-47DB-9B64-5C155C148330}.AppStore|x86.ActiveCfg = Release|x86
		{91327F16-3082-47DB-9B64-5C155C148330}.AppStore|x86.Build.0 = Release|x86
		{91327F16-3082-47DB-9B64-5C155C148330}.AppStore|x86.Deploy.0 = Release|x86
		{91327F16-3082-47DB-9B64-5C155C148330}.Debug|Any CPU.ActiveCfg = Debug|Any CPU
		{91327F16-3082-47DB-9B64-5C155C148330}.Debug|Any CPU.Build.0 = Debug|Any CPU
		{91327F16-3082-47DB-9B64-5C155C148330}.Debug|Any CPU.Deploy.0 = Debug|Any CPU
		{91327F16-3082-47DB-9B64-5C155C148330}.Debug|ARM.ActiveCfg = Debug|ARM
		{91327F16-3082-47DB-9B64-5C155C148330}.Debug|ARM.Build.0 = Debug|ARM
		{91327F16-3082-47DB-9B64-5C155C148330}.Debug|ARM.Deploy.0 = Debug|ARM
		{91327F16-3082-47DB-9B64-5C155C148330}.Debug|iPhone.ActiveCfg = Debug|Any CPU
		{91327F16-3082-47DB-9B64-5C155C148330}.Debug|iPhone.Build.0 = Debug|Any CPU
		{91327F16-3082-47DB-9B64-5C155C148330}.Debug|iPhone.Deploy.0 = Debug|Any CPU
		{91327F16-3082-47DB-9B64-5C155C148330}.Debug|iPhoneSimulator.ActiveCfg = Debug|Any CPU
		{91327F16-3082-47DB-9B64-5C155C148330}.Debug|iPhoneSimulator.Build.0 = Debug|Any CPU
		{91327F16-3082-47DB-9B64-5C155C148330}.Debug|iPhoneSimulator.Deploy.0 = Debug|Any CPU
		{91327F16-3082-47DB-9B64-5C155C148330}.Debug|x64.ActiveCfg = Debug|x64
		{91327F16-3082-47DB-9B64-5C155C148330}.Debug|x64.Build.0 = Debug|x64
		{91327F16-3082-47DB-9B64-5C155C148330}.Debug|x64.Deploy.0 = Debug|x64
		{91327F16-3082-47DB-9B64-5C155C148330}.Debug|x86.ActiveCfg = Debug|x86
		{91327F16-3082-47DB-9B64-5C155C148330}.Debug|x86.Build.0 = Debug|x86
		{91327F16-3082-47DB-9B64-5C155C148330}.Debug|x86.Deploy.0 = Debug|x86
		{91327F16-3082-47DB-9B64-5C155C148330}.Release|Any CPU.ActiveCfg = Release|Any CPU
		{91327F16-3082-47DB-9B64-5C155C148330}.Release|Any CPU.Build.0 = Release|Any CPU
		{91327F16-3082-47DB-9B64-5C155C148330}.Release|Any CPU.Deploy.0 = Release|Any CPU
		{91327F16-3082-47DB-9B64-5C155C148330}.Release|ARM.ActiveCfg = Release|ARM
		{91327F16-3082-47DB-9B64-5C155C148330}.Release|ARM.Build.0 = Release|ARM
		{91327F16-3082-47DB-9B64-5C155C148330}.Release|ARM.Deploy.0 = Release|ARM
		{91327F16-3082-47DB-9B64-5C155C148330}.Release|iPhone.ActiveCfg = Release|Any CPU
		{91327F16-3082-47DB-9B64-5C155C148330}.Release|iPhone.Build.0 = Release|Any CPU
		{91327F16-3082-47DB-9B64-5C155C148330}.Release|iPhone.Deploy.0 = Release|Any CPU
		{91327F16-3082-47DB-9B64-5C155C148330}.Release|iPhoneSimulator.ActiveCfg = Release|Any CPU
		{91327F16-3082-47DB-9B64-5C155C148330}.Release|iPhoneSimulator.Build.0 = Release|Any CPU
		{91327F16-3082-47DB-9B64-5C155C148330}.Release|iPhoneSimulator.Deploy.0 = Release|Any CPU
		{91327F16-3082-47DB-9B64-5C155C148330}.Release|x64.ActiveCfg = Release|x64
		{91327F16-3082-47DB-9B64-5C155C148330}.Release|x64.Build.0 = Release|x64
		{91327F16-3082-47DB-9B64-5C155C148330}.Release|x64.Deploy.0 = Release|x64
		{91327F16-3082-47DB-9B64-5C155C148330}.Release|x86.ActiveCfg = Release|x86
		{91327F16-3082-47DB-9B64-5C155C148330}.Release|x86.Build.0 = Release|x86
		{91327F16-3082-47DB-9B64-5C155C148330}.Release|x86.Deploy.0 = Release|x86
	EndGlobalSection
	GlobalSection(SolutionProperties) = preSolution
		HideSolutionNode = FALSE
	EndGlobalSection
EndGlobal
